
Microsoft Visual Studio Solution File, Format Version 12.00
# Visual Studio Version 16
VisualStudioVersion = 16.0.31702.278
MinimumVisualStudioVersion = 10.0.40219.1
Project("{FAE04EC0-301F-11D3-BF4B-00C04F79EFBC}") = "ejercicio-frase", "ejercicio-frase\ejercicio-frase.csproj", "{78E24D5D-D907-425B-88D4-C6D7CE614482}"
EndProject
Global
	GlobalSection(SolutionConfigurationPlatforms) = preSolution
		Debug|Any CPU = Debug|Any CPU
		Release|Any CPU = Release|Any CPU
	EndGlobalSection
	GlobalSection(ProjectConfigurationPlatforms) = postSolution
		{78E24D5D-D907-425B-88D4-C6D7CE614482}.Debug|Any CPU.ActiveCfg = Debug|Any CPU
		{78E24D5D-D907-425B-88D4-C6D7CE614482}.Debug|Any CPU.Build.0 = Debug|Any CPU
		{78E24D5D-D907-425B-88D4-C6D7CE614482}.Release|Any CPU.ActiveCfg = Release|Any CPU
		{78E24D5D-D907-425B-88D4-C6D7CE614482}.Release|Any CPU.Build.0 = Release|Any CPU
	EndGlobalSection
	GlobalSection(SolutionProperties) = preSolution
		HideSolutionNode = FALSE
	EndGlobalSection
	GlobalSection(ExtensibilityGlobals) = postSolution
		SolutionGuid = {6B18DC7E-C3C9-47BB-BE27-E8BD1D115CB3}
	EndGlobalSection
EndGlobal
